// !$*UTF8*$!
{
	archiveVersion = 1;
	classes = {
	};
	objectVersion = 50;
	objects = {

/* Begin PBXBuildFile section */
		7980DBAE222E169B004D46CE /* AppDelegate.m in Sources */ = {isa = PBXBuildFile; fileRef = 7980DBAD222E169B004D46CE /* AppDelegate.m */; };
		7980DBB0222E169C004D46CE /* Assets.xcassets in Resources */ = {isa = PBXBuildFile; fileRef = 7980DBAF222E169C004D46CE /* Assets.xcassets */; };
		7980DBB3222E169C004D46CE /* LaunchScreen.storyboard in Resources */ = {isa = PBXBuildFile; fileRef = 7980DBB1222E169C004D46CE /* LaunchScreen.storyboard */; };
		7980DBB6222E169C004D46CE /* main.m in Sources */ = {isa = PBXBuildFile; fileRef = 7980DBB5222E169C004D46CE /* main.m */; };
		7980DBC0222E169C004D46CE /* __Tests.m in Sources */ = {isa = PBXBuildFile; fileRef = 7980DBBF222E169C004D46CE /* __Tests.m */; };
		7980DBCB222E169C004D46CE /* __UITests.m in Sources */ = {isa = PBXBuildFile; fileRef = 7980DBCA222E169C004D46CE /* __UITests.m */; };
		7980DBDA222E16B7004D46CE /* ViewController.m in Sources */ = {isa = PBXBuildFile; fileRef = 7980DBD9222E16B7004D46CE /* ViewController.m */; };
/* End PBXBuildFile section */

/* Begin PBXContainerItemProxy section */
		7980DBBC222E169C004D46CE /* PBXContainerItemProxy */ = {
			isa = PBXContainerItemProxy;
			containerPortal = 7980DBA1222E169B004D46CE /* Project object */;
			proxyType = 1;
			remoteGlobalIDString = 7980DBA8222E169B004D46CE;
			remoteInfo = "拷贝";
		};
		7980DBC7222E169C004D46CE /* PBXContainerItemProxy */ = {
			isa = PBXContainerItemProxy;
			containerPortal = 7980DBA1222E169B004D46CE /* Project object */;
			proxyType = 1;
			remoteGlobalIDString = 7980DBA8222E169B004D46CE;
			remoteInfo = "拷贝";
		};
/* End PBXContainerItemProxy section */

/* Begin PBXFileReference section */
		7980DBA9222E169B004D46CE /* 拷贝.app */ = {isa = PBXFileReference; explicitFileType = wrapper.application; includeInIndex = 0; path = "拷贝.app"; sourceTree = BUILT_PRODUCTS_DIR; };
		7980DBAC222E169B004D46CE /* AppDelegate.h */ = {isa = PBXFileReference; lastKnownFileType = sourcecode.c.h; path = AppDelegate.h; sourceTree = "<group>"; };
		7980DBAD222E169B004D46CE /* AppDelegate.m */ = {isa = PBXFileReference; lastKnownFileType = sourcecode.c.objc; path = AppDelegate.m; sourceTree = "<group>"; };
		7980DBAF222E169C004D46CE /* Assets.xcassets */ = {isa = PBXFileReference; lastKnownFileType = folder.assetcatalog; path = Assets.xcassets; sourceTree = "<group>"; };
		7980DBB2222E169C004D46CE /* Base */ = {isa = PBXFileReference; lastKnownFileType = file.storyboard; name = Base; path = Base.lproj/LaunchScreen.storyboard; sourceTree = "<group>"; };
		7980DBB4222E169C004D46CE /* Info.plist */ = {isa = PBXFileReference; lastKnownFileType = text.plist.xml; path = Info.plist; sourceTree = "<group>"; };
		7980DBB5222E169C004D46CE /* main.m */ = {isa = PBXFileReference; lastKnownFileType = sourcecode.c.objc; path = main.m; sourceTree = "<group>"; };
		7980DBBB222E169C004D46CE /* 拷贝Tests.xctest */ = {isa = PBXFileReference; explicitFileType = wrapper.cfbundle; includeInIndex = 0; path = "拷贝Tests.xctest"; sourceTree = BUILT_PRODUCTS_DIR; };
		7980DBBF222E169C004D46CE /* __Tests.m */ = {isa = PBXFileReference; lastKnownFileType = sourcecode.c.objc; path = __Tests.m; sourceTree = "<group>"; };
		7980DBC1222E169C004D46CE /* Info.plist */ = {isa = PBXFileReference; lastKnownFileType = text.plist.xml; path = Info.plist; sourceTree = "<group>"; };
		7980DBC6222E169C004D46CE /* 拷贝UITests.xctest */ = {isa = PBXFileReference; explicitFileType = wrapper.cfbundle; includeInIndex = 0; path = "拷贝UITests.xctest"; sourceTree = BUILT_PRODUCTS_DIR; };
		7980DBCA222E169C004D46CE /* __UITests.m */ = {isa = PBXFileReference; lastKnownFileType = sourcecode.c.objc; path = __UITests.m; sourceTree = "<group>"; };
		7980DBCC222E169C004D46CE /* Info.plist */ = {isa = PBXFileReference; lastKnownFileType = text.plist.xml; path = Info.plist; sourceTree = "<group>"; };
		7980DBD8222E16B7004D46CE /* ViewController.h */ = {isa = PBXFileReference; lastKnownFileType = sourcecode.c.h; path = ViewController.h; sourceTree = "<group>"; };
		7980DBD9222E16B7004D46CE /* ViewController.m */ = {isa = PBXFileReference; lastKnownFileType = sourcecode.c.objc; path = ViewController.m; sourceTree = "<group>"; };
/* End PBXFileReference section */

/* Begin PBXFrameworksBuildPhase section */
		7980DBA6222E169B004D46CE /* Frameworks */ = {
			isa = PBXFrameworksBuildPhase;
			buildActionMask = 2147483647;
			files = (
			);
			runOnlyForDeploymentPostprocessing = 0;
		};
		7980DBB8222E169C004D46CE /* Frameworks */ = {
			isa = PBXFrameworksBuildPhase;
			buildActionMask = 2147483647;
			files = (
			);
			runOnlyForDeploymentPostprocessing = 0;
		};
		7980DBC3222E169C004D46CE /* Frameworks */ = {
			isa = PBXFrameworksBuildPhase;
			buildActionMask = 2147483647;
			files = (
			);
			runOnlyForDeploymentPostprocessing = 0;
		};
/* End PBXFrameworksBuildPhase section */

/* Begin PBXGroup section */
		7980DBA0222E169B004D46CE = {
			isa = PBXGroup;
			children = (
				7980DBAB222E169B004D46CE /* 拷贝 */,
				7980DBBE222E169C004D46CE /* 拷贝Tests */,
				7980DBC9222E169C004D46CE /* 拷贝UITests */,
				7980DBAA222E169B004D46CE /* Products */,
			);
			sourceTree = "<group>";
		};
		7980DBAA222E169B004D46CE /* Products */ = {
			isa = PBXGroup;
			children = (
				7980DBA9222E169B004D46CE /* 拷贝.app */,
				7980DBBB222E169C004D46CE /* 拷贝Tests.xctest */,
				7980DBC6222E169C004D46CE /* 拷贝UITests.xctest */,
			);
			name = Products;
			sourceTree = "<group>";
		};
		7980DBAB222E169B004D46CE /* 拷贝 */ = {
			isa = PBXGroup;
			children = (
				7980DBAC222E169B004D46CE /* AppDelegate.h */,
				7980DBAD222E169B004D46CE /* AppDelegate.m */,
				7980DBAF222E169C004D46CE /* Assets.xcassets */,
				7980DBB1222E169C004D46CE /* LaunchScreen.storyboard */,
				7980DBB4222E169C004D46CE /* Info.plist */,
				7980DBB5222E169C004D46CE /* main.m */,
				7980DBD8222E16B7004D46CE /* ViewController.h */,
				7980DBD9222E16B7004D46CE /* ViewController.m */,
			);
			path = "拷贝";
			sourceTree = "<group>";
		};
		7980DBBE222E169C004D46CE /* 拷贝Tests */ = {
			isa = PBXGroup;
			children = (
				7980DBBF222E169C004D46CE /* __Tests.m */,
				7980DBC1222E169C004D46CE /* Info.plist */,
			);
			path = "拷贝Tests";
			sourceTree = "<group>";
		};
		7980DBC9222E169C004D46CE /* 拷贝UITests */ = {
			isa = PBXGroup;
			children = (
				7980DBCA222E169C004D46CE /* __UITests.m */,
				7980DBCC222E169C004D46CE /* Info.plist */,
			);
			path = "拷贝UITests";
			sourceTree = "<group>";
		};
/* End PBXGroup section */

/* Begin PBXNativeTarget section */
		7980DBA8222E169B004D46CE /* 拷贝 */ = {
			isa = PBXNativeTarget;
			buildConfigurationList = 7980DBCF222E169C004D46CE /* Build configuration list for PBXNativeTarget "拷贝" */;
			buildPhases = (
				7980DBA5222E169B004D46CE /* Sources */,
				7980DBA6222E169B004D46CE /* Frameworks */,
				7980DBA7222E169B004D46CE /* Resources */,
			);
			buildRules = (
			);
			dependencies = (
			);
			name = "拷贝";
			productName = "拷贝";
			productReference = 7980DBA9222E169B004D46CE /* 拷贝.app */;
			productType = "com.apple.product-type.application";
		};
		7980DBBA222E169C004D46CE /* 拷贝Tests */ = {
			isa = PBXNativeTarget;
			buildConfigurationList = 7980DBD2222E169C004D46CE /* Build configuration list for PBXNativeTarget "拷贝Tests" */;
			buildPhases = (
				7980DBB7222E169C004D46CE /* Sources */,
				7980DBB8222E169C004D46CE /* Frameworks */,
				7980DBB9222E169C004D46CE /* Resources */,
			);
			buildRules = (
			);
			dependencies = (
				7980DBBD222E169C004D46CE /* PBXTargetDependency */,
			);
			name = "拷贝Tests";
			productName = "拷贝Tests";
			productReference = 7980DBBB222E169C004D46CE /* 拷贝Tests.xctest */;
			productType = "com.apple.product-type.bundle.unit-test";
		};
		7980DBC5222E169C004D46CE /* 拷贝UITests */ = {
			isa = PBXNativeTarget;
			buildConfigurationList = 7980DBD5222E169C004D46CE /* Build configuration list for PBXNativeTarget "拷贝UITests" */;
			buildPhases = (
				7980DBC2222E169C004D46CE /* Sources */,
				7980DBC3222E169C004D46CE /* Frameworks */,
				7980DBC4222E169C004D46CE /* Resources */,
			);
			buildRules = (
			);
			dependencies = (
				7980DBC8222E169C004D46CE /* PBXTargetDependency */,
			);
			name = "拷贝UITests";
			productName = "拷贝UITests";
			productReference = 7980DBC6222E169C004D46CE /* 拷贝UITests.xctest */;
			productType = "com.apple.product-type.bundle.ui-testing";
		};
/* End PBXNativeTarget section */

/* Begin PBXProject section */
		7980DBA1222E169B004D46CE /* Project object */ = {
			isa = PBXProject;
			attributes = {
				LastUpgradeCheck = 1010;
				ORGANIZATIONNAME = aoruola;
				TargetAttributes = {
					7980DBA8222E169B004D46CE = {
						CreatedOnToolsVersion = 10.1;
					};
					7980DBBA222E169C004D46CE = {
						CreatedOnToolsVersion = 10.1;
						TestTargetID = 7980DBA8222E169B004D46CE;
					};
					7980DBC5222E169C004D46CE = {
						CreatedOnToolsVersion = 10.1;
						TestTargetID = 7980DBA8222E169B004D46CE;
					};
				};
			};
			buildConfigurationList = 7980DBA4222E169B004D46CE /* Build configuration list for PBXProject "拷贝" */;
			compatibilityVersion = "Xcode 9.3";
			developmentRegion = en;
			hasScannedForEncodings = 0;
			knownRegions = (
				en,
				Base,
			);
			mainGroup = 7980DBA0222E169B004D46CE;
			productRefGroup = 7980DBAA222E169B004D46CE /* Products */;
			projectDirPath = "";
			projectRoot = "";
			targets = (
				7980DBA8222E169B004D46CE /* 拷贝 */,
				7980DBBA222E169C004D46CE /* 拷贝Tests */,
				7980DBC5222E169C004D46CE /* 拷贝UITests */,
			);
		};
/* End PBXProject section */

/* Begin PBXResourcesBuildPhase section */
		7980DBA7222E169B004D46CE /* Resources */ = {
			isa = PBXResourcesBuildPhase;
			buildActionMask = 2147483647;
			files = (
				7980DBB0222E169C004D46CE /* Assets.xcassets in Resources */,
				7980DBB3222E169C004D46CE /* LaunchScreen.storyboard in Resources */,
			);
			runOnlyForDeploymentPostprocessing = 0;
		};
		7980DBB9222E169C004D46CE /* Resources */ = {
			isa = PBXResourcesBuildPhase;
			buildActionMask = 2147483647;
			files = (
			);
			runOnlyForDeploymentPostprocessing = 0;
		};
		7980DBC4222E169C004D46CE /* Resources */ = {
			isa = PBXResourcesBuildPhase;
			buildActionMask = 2147483647;
			files = (
			);
			runOnlyForDeploymentPostprocessing = 0;
		};
/* End PBXResourcesBuildPhase section */

/* Begin PBXSourcesBuildPhase section */
		7980DBA5222E169B004D46CE /* Sources */ = {
			isa = PBXSourcesBuildPhase;
			buildActionMask = 2147483647;
			files = (
				7980DBDA222E16B7004D46CE /* ViewController.m in Sources */,
				7980DBB6222E169C004D46CE /* main.m in Sources */,
				7980DBAE222E169B004D46CE /* AppDelegate.m in Sources */,
			);
			runOnlyForDeploymentPostprocessing = 0;
		};
		7980DBB7222E169C004D46CE /* Sources */ = {
			isa = PBXSourcesBuildPhase;
			buildActionMask = 2147483647;
			files = (
				7980DBC0222E169C004D46CE /* __Tests.m in Sources */,
			);
			runOnlyForDeploymentPostprocessing = 0;
		};
		7980DBC2222E169C004D46CE /* Sources */ = {
			isa = PBXSourcesBuildPhase;
			buildActionMask = 2147483647;
			files = (
				7980DBCB222E169C004D46CE /* __UITests.m in Sources */,
			);
			runOnlyForDeploymentPostprocessing = 0;
		};
/* End PBXSourcesBuildPhase section */

/* Begin PBXTargetDependency section */
		7980DBBD222E169C004D46CE /* PBXTargetDependency */ = {
			isa = PBXTargetDependency;
			target = 7980DBA8222E169B004D46CE /* 拷贝 */;
			targetProxy = 7980DBBC222E169C004D46CE /* PBXContainerItemProxy */;
		};
		7980DBC8222E169C004D46CE /* PBXTargetDependency */ = {
			isa = PBXTargetDependency;
			target = 7980DBA8222E169B004D46CE /* 拷贝 */;
			targetProxy = 7980DBC7222E169C004D46CE /* PBXContainerItemProxy */;
		};
/* End PBXTargetDependency section */

/* Begin PBXVariantGroup section */
		7980DBB1222E169C004D46CE /* LaunchScreen.storyboard */ = {
			isa = PBXVariantGroup;
			children = (
				7980DBB2222E169C004D46CE /* Base */,
			);
			name = LaunchScreen.storyboard;
			sourceTree = "<group>";
		};
/* End PBXVariantGroup section */

/* Begin XCBuildConfiguration section */
		7980DBCD222E169C004D46CE /* Debug */ = {
			isa = XCBuildConfiguration;
			buildSettings = {
				ALWAYS_SEARCH_USER_PATHS = NO;
				CLANG_ANALYZER_NONNULL = YES;
				CLANG_ANALYZER_NUMBER_OBJECT_CONVERSION = YES_AGGRESSIVE;
				CLANG_CXX_LANGUAGE_STANDARD = "gnu++14";
				CLANG_CXX_LIBRARY = "libc++";
				CLANG_ENABLE_MODULES = YES;
				CLANG_ENABLE_OBJC_ARC = YES;
				CLANG_ENABLE_OBJC_WEAK = YES;
				CLANG_WARN_BLOCK_CAPTURE_AUTORELEASING = YES;
				CLANG_WARN_BOOL_CONVERSION = YES;
				CLANG_WARN_COMMA = YES;
				CLANG_WARN_CONSTANT_CONVERSION = YES;
				CLANG_WARN_DEPRECATED_OBJC_IMPLEMENTATIONS = YES;
				CLANG_WARN_DIRECT_OBJC_ISA_USAGE = YES_ERROR;
				CLANG_WARN_DOCUMENTATION_COMMENTS = YES;
				CLANG_WARN_EMPTY_BODY = YES;
				CLANG_WARN_ENUM_CONVERSION = YES;
				CLANG_WARN_INFINITE_RECURSION = YES;
				CLANG_WARN_INT_CONVERSION = YES;
				CLANG_WARN_NON_LITERAL_NULL_CONVERSION = YES;
				CLANG_WARN_OBJC_IMPLICIT_RETAIN_SELF = YES;
				CLANG_WARN_OBJC_LITERAL_CONVERSION = YES;
				CLANG_WARN_OBJC_ROOT_CLASS = YES_ERROR;
				CLANG_WARN_RANGE_LOOP_ANALYSIS = YES;
				CLANG_WARN_STRICT_PROTOTYPES = YES;
				CLANG_WARN_SUSPICIOUS_MOVE = YES;
				CLANG_WARN_UNGUARDED_AVAILABILITY = YES_AGGRESSIVE;
				CLANG_WARN_UNREACHABLE_CODE = YES;
				CLANG_WARN__DUPLICATE_METHOD_MATCH = YES;
				CODE_SIGN_IDENTITY = "iPhone Developer";
				COPY_PHASE_STRIP = NO;
				DEBUG_INFORMATION_FORMAT = dwarf;
				ENABLE_STRICT_OBJC_MSGSEND = YES;
				ENABLE_TESTABILITY = YES;
				GCC_C_LANGUAGE_STANDARD = gnu11;
				GCC_DYNAMIC_NO_PIC = NO;
				GCC_NO_COMMON_BLOCKS = YES;
				GCC_OPTIMIZATION_LEVEL = 0;
				GCC_PREPROCESSOR_DEFINITIONS = (
					"DEBUG=1",
					"$(inherited)",
				);
				GCC_WARN_64_TO_32_BIT_CONVERSION = YES;
				GCC_WARN_ABOUT_RETURN_TYPE = YES_ERROR;
				GCC_WARN_UNDECLARED_SELECTOR = YES;
				GCC_WARN_UNINITIALIZED_AUTOS = YES_AGGRESSIVE;
				GCC_WARN_UNUSED_FUNCTION = YES;
				GCC_WARN_UNUSED_VARIABLE = YES;
				IPHONEOS_DEPLOYMENT_TARGET = 12.1;
				MTL_ENABLE_DEBUG_INFO = INCLUDE_SOURCE;
				MTL_FAST_MATH = YES;
				ONLY_ACTIVE_ARCH = YES;
				SDKROOT = iphoneos;
			};
			name = Debug;
		};
		7980DBCE222E169C004D46CE /* Release */ = {
			isa = XCBuildConfiguration;
			buildSettings = {
				ALWAYS_SEARCH_USER_PATHS = NO;
				CLANG_ANALYZER_NONNULL = YES;
				CLANG_ANALYZER_NUMBER_OBJECT_CONVERSION = YES_AGGRESSIVE;
				CLANG_CXX_LANGUAGE_STANDARD = "gnu++14";
				CLANG_CXX_LIBRARY = "libc++";
				CLANG_ENABLE_MODULES = YES;
				CLANG_ENABLE_OBJC_ARC = YES;
				CLANG_ENABLE_OBJC_WEAK = YES;
				CLANG_WARN_BLOCK_CAPTURE_AUTORELEASING = YES;
				CLANG_WARN_BOOL_CONVERSION = YES;
				CLANG_WARN_COMMA = YES;
				CLANG_WARN_CONSTANT_CONVERSION = YES;
				CLANG_WARN_DEPRECATED_OBJC_IMPLEMENTATIONS = YES;
				CLANG_WARN_DIRECT_OBJC_ISA_USAGE = YES_ERROR;
				CLANG_WARN_DOCUMENTATION_COMMENTS = YES;
				CLANG_WARN_EMPTY_BODY = YES;
				CLANG_WARN_ENUM_CONVERSION = YES;
				CLANG_WARN_INFINITE_RECURSION = YES;
				CLANG_WARN_INT_CONVERSION = YES;
				CLANG_WARN_NON_LITERAL_NULL_CONVERSION = YES;
				CLANG_WARN_OBJC_IMPLICIT_RETAIN_SELF = YES;
				CLANG_WARN_OBJC_LITERAL_CONVERSION = YES;
				CLANG_WARN_OBJC_ROOT_CLASS = YES_ERROR;
				CLANG_WARN_RANGE_LOOP_ANALYSIS = YES;
				CLANG_WARN_STRICT_PROTOTYPES = YES;
				CLANG_WARN_SUSPICIOUS_MOVE = YES;
				CLANG_WARN_UNGUARDED_AVAILABILITY = YES_AGGRESSIVE;
				CLANG_WARN_UNREACHABLE_CODE = YES;
				CLANG_WARN__DUPLICATE_METHOD_MATCH = YES;
				CODE_SIGN_IDENTITY = "iPhone Developer";
				COPY_PHASE_STRIP = NO;
				DEBUG_INFORMATION_FORMAT = "dwarf-with-dsym";
				ENABLE_NS_ASSERTIONS = NO;
				ENABLE_STRICT_OBJC_MSGSEND = YES;
				GCC_C_LANGUAGE_STANDARD = gnu11;
				GCC_NO_COMMON_BLOCKS = YES;
				GCC_WARN_64_TO_32_BIT_CONVERSION = YES;
				GCC_WARN_ABOUT_RETURN_TYPE = YES_ERROR;
				GCC_WARN_UNDECLARED_SELECTOR = YES;
				GCC_WARN_UNINITIALIZED_AUTOS = YES_AGGRESSIVE;
				GCC_WARN_UNUSED_FUNCTION = YES;
				GCC_WARN_UNUSED_VARIABLE = YES;
				IPHONEOS_DEPLOYMENT_TARGET = 12.1;
				MTL_ENABLE_DEBUG_INFO = NO;
				MTL_FAST_MATH = YES;
				SDKROOT = iphoneos;
				VALIDATE_PRODUCT = YES;
			};
			name = Release;
		};
		7980DBD0222E169C004D46CE /* Debug */ = {
			isa = XCBuildConfiguration;
			buildSettings = {
				ASSETCATALOG_COMPILER_APPICON_NAME = AppIcon;
				CODE_SIGN_STYLE = Automatic;
				INFOPLIST_FILE = "拷贝/Info.plist";
				LD_RUNPATH_SEARCH_PATHS = (
					"$(inherited)",
					"@executable_path/Frameworks",
				);
				PRODUCT_BUNDLE_IDENTIFIER = "shuchang.jia.--";
				PRODUCT_NAME = "$(TARGET_NAME)";
				TARGETED_DEVICE_FAMILY = "1,2";
			};
			name = Debug;
		};
		7980DBD1222E169C004D46CE /* Release */ = {
			isa = XCBuildConfiguration;
			buildSettings = {
				ASSETCATALOG_COMPILER_APPICON_NAME = AppIcon;
				CODE_SIGN_STYLE = Automatic;
				INFOPLIST_FILE = "拷贝/Info.plist";
				LD_RUNPATH_SEARCH_PATHS = (
					"$(inherited)",
					"@executable_path/Frameworks",
				);
				PRODUCT_BUNDLE_IDENTIFIER = "shuchang.jia.--";
				PRODUCT_NAME = "$(TARGET_NAME)";
				TARGETED_DEVICE_FAMILY = "1,2";
			};
			name = Release;
		};
		7980DBD3222E169C004D46CE /* Debug */ = {
			isa = XCBuildConfiguration;
			buildSettings = {
				BUNDLE_LOADER = "$(TEST_HOST)";
				CODE_SIGN_STYLE = Automatic;
				INFOPLIST_FILE = "拷贝Tests/Info.plist";
				LD_RUNPATH_SEARCH_PATHS = (
					"$(inherited)",
					"@executable_path/Frameworks",
					"@loader_path/Frameworks",
				);
				PRODUCT_BUNDLE_IDENTIFIER = "shuchang.jia.--Tests";
				PRODUCT_NAME = "$(TARGET_NAME)";
				TARGETED_DEVICE_FAMILY = "1,2";
				TEST_HOST = "$(BUILT_PRODUCTS_DIR)/拷贝.app/拷贝";
			};
			name = Debug;
		};
		7980DBD4222E169C004D46CE /* Release */ = {
			isa = XCBuildConfiguration;
			buildSettings = {
				BUNDLE_LOADER = "$(TEST_HOST)";
				CODE_SIGN_STYLE = Automatic;
				INFOPLIST_FILE = "拷贝Tests/Info.plist";
				LD_RUNPATH_SEARCH_PATHS = (
					"$(inherited)",
					"@executable_path/Frameworks",
					"@loader_path/Frameworks",
				);
				PRODUCT_BUNDLE_IDENTIFIER = "shuchang.jia.--Tests";
				PRODUCT_NAME = "$(TARGET_NAME)";
				TARGETED_DEVICE_FAMILY = "1,2";
				TEST_HOST = "$(BUILT_PRODUCTS_DIR)/拷贝.app/拷贝";
			};
			name = Release;
		};
		7980DBD6222E169C004D46CE /* Debug */ = {
			isa = XCBuildConfiguration;
			buildSettings = {
				CODE_SIGN_STYLE = Automatic;
				INFOPLIST_FILE = "拷贝UITests/Info.plist";
				LD_RUNPATH_SEARCH_PATHS = (
					"$(inherited)",
					"@executable_path/Frameworks",
					"@loader_path/Frameworks",
				);
				PRODUCT_BUNDLE_IDENTIFIER = "shuchang.jia.--UITests";
				PRODUCT_NAME = "$(TARGET_NAME)";
				TARGETED_DEVICE_FAMILY = "1,2";
				TEST_TARGET_NAME = "拷贝";
			};
			name = Debug;
		};
		7980DBD7222E169C004D46CE /* Release */ = {
			isa = XCBuildConfiguration;
			buildSettings = {
				CODE_SIGN_STYLE = Automatic;
				INFOPLIST_FILE = "拷贝UITests/Info.plist";
				LD_RUNPATH_SEARCH_PATHS = (
					"$(inherited)",
					"@executable_path/Frameworks",
					"@loader_path/Frameworks",
				);
				PRODUCT_BUNDLE_IDENTIFIER = "shuchang.jia.--UITests";
				PRODUCT_NAME = "$(TARGET_NAME)";
				TARGETED_DEVICE_FAMILY = "1,2";
				TEST_TARGET_NAME = "拷贝";
			};
			name = Release;
		};
/* End XCBuildConfiguration section */

/* Begin XCConfigurationList section */
		7980DBA4222E169B004D46CE /* Build configuration list for PBXProject "拷贝" */ = {
			isa = XCConfigurationList;
			buildConfigurations = (
				7980DBCD222E169C004D46CE /* Debug */,
				7980DBCE222E169C004D46CE /* Release */,
			);
			defaultConfigurationIsVisible = 0;
			defaultConfigurationName = Release;
		};
		7980DBCF222E169C004D46CE /* Build configuration list for PBXNativeTarget "拷贝" */ = {
			isa = XCConfigurationList;
			buildConfigurations = (
				7980DBD0222E169C004D46CE /* Debug */,
				7980DBD1222E169C004D46CE /* Release */,
			);
			defaultConfigurationIsVisible = 0;
			defaultConfigurationName = Release;
		};
		7980DBD2222E169C004D46CE /* Build configuration list for PBXNativeTarget "拷贝Tests" */ = {
			isa = XCConfigurationList;
			buildConfigurations = (
				7980DBD3222E169C004D46CE /* Debug */,
				7980DBD4222E169C004D46CE /* Release */,
			);
			defaultConfigurationIsVisible = 0;
			defaultConfigurationName = Release;
		};
		7980DBD5222E169C004D46CE /* Build configuration list for PBXNativeTarget "拷贝UITests" */ = {
			isa = XCConfigurationList;
			buildConfigurations = (
				7980DBD6222E169C004D46CE /* Debug */,
				7980DBD7222E169C004D46CE /* Release */,
			);
			defaultConfigurationIsVisible = 0;
			defaultConfigurationName = Release;
		};
/* End XCConfigurationList section */
	};
	rootObject = 7980DBA1222E169B004D46CE /* Project object */;
}
